
Microsoft Visual Studio Solution File, Format Version 12.00
# Visual Studio Version 17
VisualStudioVersion = 17.9.34622.214
MinimumVisualStudioVersion = 10.0.40219.1
Project("{F184B08F-C81C-45F6-A57F-5ABD9991F28F}") = "SE PROJECT", "SE PROJECT\SE PROJECT.vbproj", "{F37D3260-7E18-487E-8AF6-B97CC793DB44}"
EndProject
Global
	GlobalSection(SolutionConfigurationPlatforms) = preSolution
		Debug|Any CPU = Debug|Any CPU
		Release|Any CPU = Release|Any CPU
	EndGlobalSection
	GlobalSection(ProjectConfigurationPlatforms) = postSolution
		{F37D3260-7E18-487E-8AF6-B97CC793DB44}.Debug|Any CPU.ActiveCfg = Debug|Any CPU
		{F37D3260-7E18-487E-8AF6-B97CC793DB44}.Debug|Any CPU.Build.0 = Debug|Any CPU
		{F37D3260-7E18-487E-8AF6-B97CC793DB44}.Release|Any CPU.ActiveCfg = Release|Any CPU
		{F37D3260-7E18-487E-8AF6-B97CC793DB44}.Release|Any CPU.Build.0 = Release|Any CPU
	EndGlobalSection
	GlobalSection(SolutionProperties) = preSolution
		HideSolutionNode = FALSE
	EndGlobalSection
	GlobalSection(ExtensibilityGlobals) = postSolution
		SolutionGuid = {EC947DAB-B4B1-4ABC-B2AF-35346F47BFB3}
	EndGlobalSection
EndGlobal
